
Microsoft Visual Studio Solution File, Format Version 12.00
# Visual Studio Version 17
VisualStudioVersion = 17.8.34511.84
MinimumVisualStudioVersion = 10.0.40219.1
Project("{FAE04EC0-301F-11D3-BF4B-00C04F79EFBC}") = "Almacenes", "Almacenes.csproj", "{357EAEC8-A627-4BEA-AA8C-8964E56F957C}"
EndProject
Global
	GlobalSection(SolutionConfigurationPlatforms) = preSolution
		Debug|Any CPU = Debug|Any CPU
		Release|Any CPU = Release|Any CPU
	EndGlobalSection
	GlobalSection(ProjectConfigurationPlatforms) = postSolution
		{357EAEC8-A627-4BEA-AA8C-8964E56F957C}.Debug|Any CPU.ActiveCfg = Debug|Any CPU
		{357EAEC8-A627-4BEA-AA8C-8964E56F957C}.Debug|Any CPU.Build.0 = Debug|Any CPU
		{357EAEC8-A627-4BEA-AA8C-8964E56F957C}.Release|Any CPU.ActiveCfg = Release|Any CPU
		{357EAEC8-A627-4BEA-AA8C-8964E56F957C}.Release|Any CPU.Build.0 = Release|Any CPU
	EndGlobalSection
	GlobalSection(SolutionProperties) = preSolution
		HideSolutionNode = FALSE
	EndGlobalSection
	GlobalSection(ExtensibilityGlobals) = postSolution
		SolutionGuid = {1F5E2811-A89A-42F6-B9E0-3B640E17A97A}
	EndGlobalSection
EndGlobal
